{
    "hash": "d7aa16d3e9af93bddc4076dcda789cef",
    "packages": [
        {
            "name": "jquery/jquery-ui",
            "version": "1.9.1",
            "dist": {
                "type": "zip",
                "url": "https://github.com/jquery/jquery-ui/zipball/1.9.1",
                "reference": null,
                "shasum": null
            },
            "type": "library",
            "installation-source": "dist"
        },
        {
            "name": "kriswallsmith/assetic",
            "version": "v1.0.4",
            "source": {
                "type": "git",
                "url": "http://github.com/kriswallsmith/assetic.git",
                "reference": "v1.0.4"
            },
            "dist": {
                "type": "zip",
                "url": "https://github.com/kriswallsmith/assetic/zipball/v1.0.4",
                "reference": "v1.0.4",
                "shasum": ""
            },
            "require": {
                "php": ">=5.3.1"
            },
            "time": "2012-08-28 05:18:28",
            "type": "library",
            "installation-source": "dist",
            "autoload": {
                "psr-0": {
                    "Assetic": "src/"
                }
            },
            "license": [
                "MIT"
            ],
            "authors": [
                {
                    "name": "Kris Wallsmith",
                    "email": "kris.wallsmith@gmail.com",
                    "homepage": "http://kriswallsmith.net/"
                }
            ],
            "description": "Asset Management for PHP",
            "homepage": "https://github.com/kriswallsmith/assetic",
            "keywords": [
                "assets",
                "compression",
                "minification"
            ]
        },
        {
            "name": "leafo/lessphp",
            "version": "dev-master",
            "source": {
                "type": "git",
                "url": "http://github.com/leafo/lessphp",
                "reference": "4ce20058d651a73702bb9be5d299d0e2eb0687f0"
            },
            "dist": {
                "type": "zip",
                "url": "https://github.com/leafo/lessphp/zipball/4ce20058d651a73702bb9be5d299d0e2eb0687f0",
                "reference": "4ce20058d651a73702bb9be5d299d0e2eb0687f0",
                "shasum": ""
            },
            "time": "1348713472",
            "type": "library",
            "installation-source": "source",
            "autoload": {
                "classmap": [
                    "lessc.inc.php"
                ]
            },
            "license": [
                "MIT",
                "GPL-3.0"
            ],
            "authors": [
                {
                    "name": "Leaf Corcoran",
                    "email": "leafot@gmail.com",
                    "homepage": "http://leafo.net"
                }
            ],
            "description": "lessphp is a compiler for LESS written in PHP.",
            "homepage": "http://leafo.net/lessphp/"
        },
        {
            "name": "twig/twig",
            "version": "v1.10.3",
            "source": {
                "type": "git",
                "url": "git://github.com/fabpot/Twig.git",
                "reference": "v1.10.3"
            },
            "dist": {
                "type": "zip",
                "url": "https://github.com/fabpot/Twig/zipball/v1.10.3",
                "reference": "v1.10.3",
                "shasum": ""
            },
            "require": {
                "php": ">=5.2.4"
            },
            "time": "2012-10-19 03:45:49",
            "type": "library",
            "extra": {
                "branch-alias": {
                    "dev-master": "1.10-dev"
                }
            },
            "installation-source": "dist",
            "autoload": {
                "psr-0": {
                    "Twig_": "lib/"
                }
            },
            "license": [
                "BSD-3"
            ],
            "authors": [
                {
                    "name": "Fabien Potencier",
                    "email": "fabien@symfony.com"
                },
                {
                    "name": "Armin Ronacher",
                    "email": "armin.ronacher@active-4.com"
                }
            ],
            "description": "Twig, the flexible, fast, and secure template language for PHP",
            "homepage": "http://twig.sensiolabs.org",
            "keywords": [
                "templating"
            ]
        },
        {
            "name": "twitter/bootstrap",
            "version": "2.0.4",
            "dist": {
                "type": "zip",
                "url": "https://github.com/twitter/bootstrap/zipball/v2.0.4",
                "reference": null,
                "shasum": null
            },
            "type": "library",
            "installation-source": "dist"
        },
        {
            "name": "yui/yuicompressor",
            "version": "2.4.7",
            "dist": {
                "type": "zip",
                "url": "https://github.com/downloads/yui/yuicompressor/yuicompressor-2.4.7.zip",
                "reference": null,
                "shasum": null
            },
            "type": "library",
            "installation-source": "dist"
        }
    ],
    "packages-dev": null,
    "aliases": [

    ],
    "minimum-stability": "stable",
    "stability-flags": {
        "leafo/lessphp": 20
    }
}
